
Microsoft Visual Studio Solution File, Format Version 12.00
# Visual Studio Version 16
VisualStudioVersion = 16.0.29926.136
MinimumVisualStudioVersion = 10.0.40219.1
Project("{FAE04EC0-301F-11D3-BF4B-00C04F79EFBC}") = "CheckersUI", "CheckersUI\CheckersUI.csproj", "{28F287B8-991A-4E81-B53B-A5B3F17ED38F}"
EndProject
Project("{FAE04EC0-301F-11D3-BF4B-00C04F79EFBC}") = "GameLogic", "GameLogic\GameLogic.csproj", "{0F82C933-3C1D-47E3-9DDF-5117ED7B4F65}"
EndProject
Global
	GlobalSection(SolutionConfigurationPlatforms) = preSolution
		Debug|Any CPU = Debug|Any CPU
		Release|Any CPU = Release|Any CPU
	EndGlobalSection
	GlobalSection(ProjectConfigurationPlatforms) = postSolution
		{28F287B8-991A-4E81-B53B-A5B3F17ED38F}.Debug|Any CPU.ActiveCfg = Debug|Any CPU
		{28F287B8-991A-4E81-B53B-A5B3F17ED38F}.Debug|Any CPU.Build.0 = Debug|Any CPU
		{28F287B8-991A-4E81-B53B-A5B3F17ED38F}.Release|Any CPU.ActiveCfg = Release|Any CPU
		{28F287B8-991A-4E81-B53B-A5B3F17ED38F}.Release|Any CPU.Build.0 = Release|Any CPU
		{0F82C933-3C1D-47E3-9DDF-5117ED7B4F65}.Debug|Any CPU.ActiveCfg = Debug|Any CPU
		{0F82C933-3C1D-47E3-9DDF-5117ED7B4F65}.Debug|Any CPU.Build.0 = Debug|Any CPU
		{0F82C933-3C1D-47E3-9DDF-5117ED7B4F65}.Release|Any CPU.ActiveCfg = Release|Any CPU
		{0F82C933-3C1D-47E3-9DDF-5117ED7B4F65}.Release|Any CPU.Build.0 = Release|Any CPU
	EndGlobalSection
	GlobalSection(SolutionProperties) = preSolution
		HideSolutionNode = FALSE
	EndGlobalSection
	GlobalSection(ExtensibilityGlobals) = postSolution
		SolutionGuid = {284E86C1-0C51-461A-BBC5-3413CE17795D}
	EndGlobalSection
EndGlobal
